{
  "name": "novicell-lazyload",
  "version": "2.0.0",
  "lockfileVersion": 1,
  "requires": true,
  "dependencies": {
    "lazysizes": {
      "version": "4.0.1",
      "resolved": "https://registry.npmjs.org/lazysizes/-/lazysizes-4.0.1.tgz",
      "integrity": "sha1-Qo/pVh1/9cOysnh7eO1UCAmGQgs="
    },
    "novicell-debounce": {
      "version": "2.0.0",
      "resolved": "https://registry.npmjs.org/novicell-debounce/-/novicell-debounce-2.0.0.tgz",
      "integrity": "sha512-UzDl0nuynBOi+vlU7jg/n99lKc6R/1AllKeg03VkLjyWhVK9t6clTkU48dEURDngsVeIQb0x8cPpjQQmvfYmmQ=="
    }
  }
}
